
Microsoft Visual Studio Solution File, Format Version 12.00
# Visual Studio Version 16
VisualStudioVersion = 16.0.32002.261
MinimumVisualStudioVersion = 10.0.40219.1
Project("{FAE04EC0-301F-11D3-BF4B-00C04F79EFBC}") = "Giris", "Giris\Giris.csproj", "{A9BAC0B5-7056-45EA-B518-03BA08D7379B}"
EndProject
Global
	GlobalSection(SolutionConfigurationPlatforms) = preSolution
		Debug|Any CPU = Debug|Any CPU
		Release|Any CPU = Release|Any CPU
	EndGlobalSection
	GlobalSection(ProjectConfigurationPlatforms) = postSolution
		{A9BAC0B5-7056-45EA-B518-03BA08D7379B}.Debug|Any CPU.ActiveCfg = Debug|Any CPU
		{A9BAC0B5-7056-45EA-B518-03BA08D7379B}.Debug|Any CPU.Build.0 = Debug|Any CPU
		{A9BAC0B5-7056-45EA-B518-03BA08D7379B}.Release|Any CPU.ActiveCfg = Release|Any CPU
		{A9BAC0B5-7056-45EA-B518-03BA08D7379B}.Release|Any CPU.Build.0 = Release|Any CPU
	EndGlobalSection
	GlobalSection(SolutionProperties) = preSolution
		HideSolutionNode = FALSE
	EndGlobalSection
	GlobalSection(ExtensibilityGlobals) = postSolution
		SolutionGuid = {1CFFA964-5094-4F27-827C-DA3E20B0C214}
	EndGlobalSection
EndGlobal
